// !$*UTF8*$!
{
	archiveVersion = 1;
	classes = {
	};
	objectVersion = 56;
	objects = {

/* Begin PBXBuildFile section */
		261DBF642A372C8F00B10D8F /* TodoItem.swift in Sources */ = {isa = PBXBuildFile; fileRef = 261DBF632A372C8F00B10D8F /* TodoItem.swift */; };
		261DBF662A372EFD00B10D8F /* TodoItem+JSONParsing.swift in Sources */ = {isa = PBXBuildFile; fileRef = 261DBF652A372EFD00B10D8F /* TodoItem+JSONParsing.swift */; };
		261DBF682A3731C700B10D8F /* TodoItemTests.swift in Sources */ = {isa = PBXBuildFile; fileRef = 261DBF672A3731C700B10D8F /* TodoItemTests.swift */; };
		261DBF6B2A37569600B10D8F /* FileCache.swift in Sources */ = {isa = PBXBuildFile; fileRef = 261DBF6A2A37569600B10D8F /* FileCache.swift */; };
		26582DFB2A3DAF50000806B9 /* XCAssets+Generated.swift in Sources */ = {isa = PBXBuildFile; fileRef = 26582DFA2A3DAF50000806B9 /* XCAssets+Generated.swift */; };
		26582DFD2A3DAFC7000806B9 /* Colors.xcassets in Resources */ = {isa = PBXBuildFile; fileRef = 26582DFC2A3DAFC7000806B9 /* Colors.xcassets */; };
		26582E002A3DB478000806B9 /* Strings+Generated.swift in Sources */ = {isa = PBXBuildFile; fileRef = 26582DFF2A3DB478000806B9 /* Strings+Generated.swift */; };
		2661919A2A3B348000B94B5A /* todoitem_broken_id.json in Resources */ = {isa = PBXBuildFile; fileRef = 266191992A3B348000B94B5A /* todoitem_broken_id.json */; };
		2661919E2A3B34D300B94B5A /* todoitem_broken_creationDate.json in Resources */ = {isa = PBXBuildFile; fileRef = 2661919D2A3B34D300B94B5A /* todoitem_broken_creationDate.json */; };
		266191A02A3B350000B94B5A /* todoitem_ordinary.json in Resources */ = {isa = PBXBuildFile; fileRef = 2661919F2A3B350000B94B5A /* todoitem_ordinary.json */; };
		266191A22A3B352100B94B5A /* todoitem_without_optional_dates.json in Resources */ = {isa = PBXBuildFile; fileRef = 266191A12A3B352100B94B5A /* todoitem_without_optional_dates.json */; };
		266191A62A3B356700B94B5A /* todoitem_broken_done.json in Resources */ = {isa = PBXBuildFile; fileRef = 266191A52A3B356700B94B5A /* todoitem_broken_done.json */; };
		266191AA2A3B42C100B94B5A /* todoitem_full.csv in Resources */ = {isa = PBXBuildFile; fileRef = 266191A92A3B42C100B94B5A /* todoitem_full.csv */; };
		266191AC2A3B474500B94B5A /* todoitem_empty.csv in Resources */ = {isa = PBXBuildFile; fileRef = 266191AB2A3B474500B94B5A /* todoitem_empty.csv */; };
		266191AE2A3B476000B94B5A /* todoitem_wrong_separator.csv in Resources */ = {isa = PBXBuildFile; fileRef = 266191AD2A3B476000B94B5A /* todoitem_wrong_separator.csv */; };
		266191B02A3B477400B94B5A /* todoitem_broken_id.csv in Resources */ = {isa = PBXBuildFile; fileRef = 266191AF2A3B477400B94B5A /* todoitem_broken_id.csv */; };
		266191B22A3B478800B94B5A /* todoitem_broken_creationDate.csv in Resources */ = {isa = PBXBuildFile; fileRef = 266191B12A3B478800B94B5A /* todoitem_broken_creationDate.csv */; };
		266191B42A3B47A200B94B5A /* todoitem_ordinary.csv in Resources */ = {isa = PBXBuildFile; fileRef = 266191B32A3B47A200B94B5A /* todoitem_ordinary.csv */; };
		266191B62A3B47C100B94B5A /* todoitem_without_optional_dates.csv in Resources */ = {isa = PBXBuildFile; fileRef = 266191B52A3B47C100B94B5A /* todoitem_without_optional_dates.csv */; };
		266191B82A3B47D700B94B5A /* todoitem_broken_done.csv in Resources */ = {isa = PBXBuildFile; fileRef = 266191B72A3B47D700B94B5A /* todoitem_broken_done.csv */; };
		267D68222A3DAC63002423C1 /* Localizable.strings in Resources */ = {isa = PBXBuildFile; fileRef = 267FBF042A3DA4C200C1C607 /* Localizable.strings */; };
		269FA9812A3638FA001E4294 /* AppDelegate.swift in Sources */ = {isa = PBXBuildFile; fileRef = 269FA9802A3638FA001E4294 /* AppDelegate.swift */; };
		269FA9832A3638FA001E4294 /* SceneDelegate.swift in Sources */ = {isa = PBXBuildFile; fileRef = 269FA9822A3638FA001E4294 /* SceneDelegate.swift */; };
		269FA9852A3638FA001E4294 /* ViewController.swift in Sources */ = {isa = PBXBuildFile; fileRef = 269FA9842A3638FA001E4294 /* ViewController.swift */; };
		269FA98A2A3638FB001E4294 /* Assets.xcassets in Resources */ = {isa = PBXBuildFile; fileRef = 269FA9892A3638FB001E4294 /* Assets.xcassets */; };
		269FA98D2A3638FB001E4294 /* LaunchScreen.storyboard in Resources */ = {isa = PBXBuildFile; fileRef = 269FA98B2A3638FB001E4294 /* LaunchScreen.storyboard */; };
		269FA9A22A3638FB001E4294 /* ToDoListUITests.swift in Sources */ = {isa = PBXBuildFile; fileRef = 269FA9A12A3638FB001E4294 /* ToDoListUITests.swift */; };
		269FA9A42A3638FB001E4294 /* ToDoListUITestsLaunchTests.swift in Sources */ = {isa = PBXBuildFile; fileRef = 269FA9A32A3638FB001E4294 /* ToDoListUITestsLaunchTests.swift */; };
		26A3B82C2A3F8048007F1244 /* TaskDetailsViewController.swift in Sources */ = {isa = PBXBuildFile; fileRef = 26A3B82B2A3F8048007F1244 /* TaskDetailsViewController.swift */; };
		26A3B8352A3F9A2B007F1244 /* TaskDetailsTextView.swift in Sources */ = {isa = PBXBuildFile; fileRef = 26A3B8342A3F9A2B007F1244 /* TaskDetailsTextView.swift */; };
		26A3B8372A3FB58C007F1244 /* TaskDetailsView.swift in Sources */ = {isa = PBXBuildFile; fileRef = 26A3B8362A3FB58C007F1244 /* TaskDetailsView.swift */; };
		26A3B8392A40410A007F1244 /* TaskDetailsDetailsView.swift in Sources */ = {isa = PBXBuildFile; fileRef = 26A3B8382A40410A007F1244 /* TaskDetailsDetailsView.swift */; };
		26A3B83B2A40418D007F1244 /* TaskDetailsImportanceView.swift in Sources */ = {isa = PBXBuildFile; fileRef = 26A3B83A2A40418D007F1244 /* TaskDetailsImportanceView.swift */; };
		26A3B83D2A405523007F1244 /* TaskDetailsDeadlineView.swift in Sources */ = {isa = PBXBuildFile; fileRef = 26A3B83C2A405523007F1244 /* TaskDetailsDeadlineView.swift */; };
		26A3B83F2A40623C007F1244 /* TaskDetailsSeparator.swift in Sources */ = {isa = PBXBuildFile; fileRef = 26A3B83E2A40623C007F1244 /* TaskDetailsSeparator.swift */; };
		26A3B8412A407957007F1244 /* TextDetailsDeleteButton.swift in Sources */ = {isa = PBXBuildFile; fileRef = 26A3B8402A407957007F1244 /* TextDetailsDeleteButton.swift */; };
		26A5589F2A4253930084F264 /* TaskDetailsModel.swift in Sources */ = {isa = PBXBuildFile; fileRef = 26A5589E2A4253930084F264 /* TaskDetailsModel.swift */; };
		26A558A12A4256A90084F264 /* DateFormatter+LocalizableDate.swift in Sources */ = {isa = PBXBuildFile; fileRef = 26A558A02A4256A90084F264 /* DateFormatter+LocalizableDate.swift */; };
		26A558A32A425EBF0084F264 /* Date+DateAfter.swift in Sources */ = {isa = PBXBuildFile; fileRef = 26A558A22A425EBF0084F264 /* Date+DateAfter.swift */; };
		26A558A52A4301EA0084F264 /* TaskDetailsCalendarView.swift in Sources */ = {isa = PBXBuildFile; fileRef = 26A558A42A4301EA0084F264 /* TaskDetailsCalendarView.swift */; };
		26A558A82A44C8600084F264 /* TaskDetailsViewDelegate.swift in Sources */ = {isa = PBXBuildFile; fileRef = 26A558A72A44C8600084F264 /* TaskDetailsViewDelegate.swift */; };
		26A558AA2A450FF60084F264 /* TaskDetailsColorPickerView.swift in Sources */ = {isa = PBXBuildFile; fileRef = 26A558A92A450FF60084F264 /* TaskDetailsColorPickerView.swift */; };
		26A558AC2A46325D0084F264 /* UIColor+RGB2HEX.swift in Sources */ = {isa = PBXBuildFile; fileRef = 26A558AB2A46325D0084F264 /* UIColor+RGB2HEX.swift */; };
		26A558AE2A4632820084F264 /* UInt8+HEX.swift in Sources */ = {isa = PBXBuildFile; fileRef = 26A558AD2A4632820084F264 /* UInt8+HEX.swift */; };
		26A558B02A46386A0084F264 /* UIColor+HEX.swift in Sources */ = {isa = PBXBuildFile; fileRef = 26A558AF2A46386A0084F264 /* UIColor+HEX.swift */; };
		26A558B42A4645900084F264 /* ColorPickerView.swift in Sources */ = {isa = PBXBuildFile; fileRef = 26A558B32A4645900084F264 /* ColorPickerView.swift */; };
		26A558B62A4646CD0084F264 /* CALayer+ColorOfPoint.swift in Sources */ = {isa = PBXBuildFile; fileRef = 26A558B52A4646CD0084F264 /* CALayer+ColorOfPoint.swift */; };
		26A558B82A464BC00084F264 /* ColorPickerSettingsView.swift in Sources */ = {isa = PBXBuildFile; fileRef = 26A558B72A464BC00084F264 /* ColorPickerSettingsView.swift */; };
		26A558BA2A464FD20084F264 /* ColorPickerViewDelegate.swift in Sources */ = {isa = PBXBuildFile; fileRef = 26A558B92A464FD20084F264 /* ColorPickerViewDelegate.swift */; };
		26A558BC2A4653960084F264 /* TaskDetailsDetailsViewDelegate.swift in Sources */ = {isa = PBXBuildFile; fileRef = 26A558BB2A4653960084F264 /* TaskDetailsDetailsViewDelegate.swift */; };
		26A558BE2A4656DD0084F264 /* TaskDetailsDeadlineViewDelegate.swift in Sources */ = {isa = PBXBuildFile; fileRef = 26A558BD2A4656DD0084F264 /* TaskDetailsDeadlineViewDelegate.swift */; };
		26A558C02A465B880084F264 /* TaskDetailsColorPickerDelegate.swift in Sources */ = {isa = PBXBuildFile; fileRef = 26A558BF2A465B880084F264 /* TaskDetailsColorPickerDelegate.swift */; };
		26A558C22A465EBA0084F264 /* ColorPickerSettingsViewDelegate.swift in Sources */ = {isa = PBXBuildFile; fileRef = 26A558C12A465EBA0084F264 /* ColorPickerSettingsViewDelegate.swift */; };
		26A558C42A4665140084F264 /* TaskDetailsCalendarViewDelegate.swift in Sources */ = {isa = PBXBuildFile; fileRef = 26A558C32A4665140084F264 /* TaskDetailsCalendarViewDelegate.swift */; };
		26E91E302A38FE26006A3E14 /* todoitem_full.json in Resources */ = {isa = PBXBuildFile; fileRef = 26E91E2F2A38FE26006A3E14 /* todoitem_full.json */; };
		26E91E342A3901A1006A3E14 /* todoitem_empty.json in Resources */ = {isa = PBXBuildFile; fileRef = 26E91E332A3901A1006A3E14 /* todoitem_empty.json */; };
		26E91E362A39B9F0006A3E14 /* TodoItem+CSVParsing.swift in Sources */ = {isa = PBXBuildFile; fileRef = 26E91E352A39B9F0006A3E14 /* TodoItem+CSVParsing.swift */; };
/* End PBXBuildFile section */

/* Begin PBXContainerItemProxy section */
		269FA9942A3638FB001E4294 /* PBXContainerItemProxy */ = {
			isa = PBXContainerItemProxy;
			containerPortal = 269FA9752A3638FA001E4294 /* Project object */;
			proxyType = 1;
			remoteGlobalIDString = 269FA97C2A3638FA001E4294;
			remoteInfo = ToDoList;
		};
		269FA99E2A3638FB001E4294 /* PBXContainerItemProxy */ = {
			isa = PBXContainerItemProxy;
			containerPortal = 269FA9752A3638FA001E4294 /* Project object */;
			proxyType = 1;
			remoteGlobalIDString = 269FA97C2A3638FA001E4294;
			remoteInfo = ToDoList;
		};
/* End PBXContainerItemProxy section */

/* Begin PBXFileReference section */
		261DBF632A372C8F00B10D8F /* TodoItem.swift */ = {isa = PBXFileReference; lastKnownFileType = sourcecode.swift; path = TodoItem.swift; sourceTree = "<group>"; };
		261DBF652A372EFD00B10D8F /* TodoItem+JSONParsing.swift */ = {isa = PBXFileReference; lastKnownFileType = sourcecode.swift; path = "TodoItem+JSONParsing.swift"; sourceTree = "<group>"; };
		261DBF672A3731C700B10D8F /* TodoItemTests.swift */ = {isa = PBXFileReference; lastKnownFileType = sourcecode.swift; path = TodoItemTests.swift; sourceTree = "<group>"; };
		261DBF6A2A37569600B10D8F /* FileCache.swift */ = {isa = PBXFileReference; lastKnownFileType = sourcecode.swift; path = FileCache.swift; sourceTree = "<group>"; };
		26582DFA2A3DAF50000806B9 /* XCAssets+Generated.swift */ = {isa = PBXFileReference; fileEncoding = 4; lastKnownFileType = sourcecode.swift; path = "XCAssets+Generated.swift"; sourceTree = "<group>"; };
		26582DFC2A3DAFC7000806B9 /* Colors.xcassets */ = {isa = PBXFileReference; lastKnownFileType = folder.assetcatalog; path = Colors.xcassets; sourceTree = "<group>"; };
		26582DFF2A3DB478000806B9 /* Strings+Generated.swift */ = {isa = PBXFileReference; fileEncoding = 4; lastKnownFileType = sourcecode.swift; path = "Strings+Generated.swift"; sourceTree = "<group>"; };
		266191992A3B348000B94B5A /* todoitem_broken_id.json */ = {isa = PBXFileReference; lastKnownFileType = text.json; path = todoitem_broken_id.json; sourceTree = "<group>"; };
		2661919D2A3B34D300B94B5A /* todoitem_broken_creationDate.json */ = {isa = PBXFileReference; lastKnownFileType = text.json; path = todoitem_broken_creationDate.json; sourceTree = "<group>"; };
		2661919F2A3B350000B94B5A /* todoitem_ordinary.json */ = {isa = PBXFileReference; lastKnownFileType = text.json; path = todoitem_ordinary.json; sourceTree = "<group>"; };
		266191A12A3B352100B94B5A /* todoitem_without_optional_dates.json */ = {isa = PBXFileReference; lastKnownFileType = text.json; path = todoitem_without_optional_dates.json; sourceTree = "<group>"; };
		266191A52A3B356700B94B5A /* todoitem_broken_done.json */ = {isa = PBXFileReference; lastKnownFileType = text.json; path = todoitem_broken_done.json; sourceTree = "<group>"; };
		266191A92A3B42C100B94B5A /* todoitem_full.csv */ = {isa = PBXFileReference; lastKnownFileType = text; path = todoitem_full.csv; sourceTree = "<group>"; };
		266191AB2A3B474500B94B5A /* todoitem_empty.csv */ = {isa = PBXFileReference; lastKnownFileType = text; path = todoitem_empty.csv; sourceTree = "<group>"; };
		266191AD2A3B476000B94B5A /* todoitem_wrong_separator.csv */ = {isa = PBXFileReference; lastKnownFileType = text; path = todoitem_wrong_separator.csv; sourceTree = "<group>"; };
		266191AF2A3B477400B94B5A /* todoitem_broken_id.csv */ = {isa = PBXFileReference; lastKnownFileType = text; path = todoitem_broken_id.csv; sourceTree = "<group>"; };
		266191B12A3B478800B94B5A /* todoitem_broken_creationDate.csv */ = {isa = PBXFileReference; lastKnownFileType = text; path = todoitem_broken_creationDate.csv; sourceTree = "<group>"; };
		266191B32A3B47A200B94B5A /* todoitem_ordinary.csv */ = {isa = PBXFileReference; lastKnownFileType = text; path = todoitem_ordinary.csv; sourceTree = "<group>"; };
		266191B52A3B47C100B94B5A /* todoitem_without_optional_dates.csv */ = {isa = PBXFileReference; lastKnownFileType = text; path = todoitem_without_optional_dates.csv; sourceTree = "<group>"; };
		266191B72A3B47D700B94B5A /* todoitem_broken_done.csv */ = {isa = PBXFileReference; lastKnownFileType = text; path = todoitem_broken_done.csv; sourceTree = "<group>"; };
		267FBF042A3DA4C200C1C607 /* Localizable.strings */ = {isa = PBXFileReference; lastKnownFileType = text.plist.strings; path = Localizable.strings; sourceTree = "<group>"; };
		269FA97D2A3638FA001E4294 /* ToDoList.app */ = {isa = PBXFileReference; explicitFileType = wrapper.application; includeInIndex = 0; path = ToDoList.app; sourceTree = BUILT_PRODUCTS_DIR; };
		269FA9802A3638FA001E4294 /* AppDelegate.swift */ = {isa = PBXFileReference; lastKnownFileType = sourcecode.swift; path = AppDelegate.swift; sourceTree = "<group>"; };
		269FA9822A3638FA001E4294 /* SceneDelegate.swift */ = {isa = PBXFileReference; lastKnownFileType = sourcecode.swift; path = SceneDelegate.swift; sourceTree = "<group>"; };
		269FA9842A3638FA001E4294 /* ViewController.swift */ = {isa = PBXFileReference; lastKnownFileType = sourcecode.swift; path = ViewController.swift; sourceTree = "<group>"; };
		269FA9892A3638FB001E4294 /* Assets.xcassets */ = {isa = PBXFileReference; lastKnownFileType = folder.assetcatalog; path = Assets.xcassets; sourceTree = "<group>"; };
		269FA98C2A3638FB001E4294 /* Base */ = {isa = PBXFileReference; lastKnownFileType = file.storyboard; name = Base; path = Base.lproj/LaunchScreen.storyboard; sourceTree = "<group>"; };
		269FA98E2A3638FB001E4294 /* Info.plist */ = {isa = PBXFileReference; lastKnownFileType = text.plist.xml; path = Info.plist; sourceTree = "<group>"; };
		269FA9932A3638FB001E4294 /* ToDoListTests.xctest */ = {isa = PBXFileReference; explicitFileType = wrapper.cfbundle; includeInIndex = 0; path = ToDoListTests.xctest; sourceTree = BUILT_PRODUCTS_DIR; };
		269FA99D2A3638FB001E4294 /* ToDoListUITests.xctest */ = {isa = PBXFileReference; explicitFileType = wrapper.cfbundle; includeInIndex = 0; path = ToDoListUITests.xctest; sourceTree = BUILT_PRODUCTS_DIR; };
		269FA9A12A3638FB001E4294 /* ToDoListUITests.swift */ = {isa = PBXFileReference; lastKnownFileType = sourcecode.swift; path = ToDoListUITests.swift; sourceTree = "<group>"; };
		269FA9A32A3638FB001E4294 /* ToDoListUITestsLaunchTests.swift */ = {isa = PBXFileReference; lastKnownFileType = sourcecode.swift; path = ToDoListUITestsLaunchTests.swift; sourceTree = "<group>"; };
		26A3B82B2A3F8048007F1244 /* TaskDetailsViewController.swift */ = {isa = PBXFileReference; lastKnownFileType = sourcecode.swift; path = TaskDetailsViewController.swift; sourceTree = "<group>"; };
		26A3B8342A3F9A2B007F1244 /* TaskDetailsTextView.swift */ = {isa = PBXFileReference; lastKnownFileType = sourcecode.swift; path = TaskDetailsTextView.swift; sourceTree = "<group>"; };
		26A3B8362A3FB58C007F1244 /* TaskDetailsView.swift */ = {isa = PBXFileReference; lastKnownFileType = sourcecode.swift; path = TaskDetailsView.swift; sourceTree = "<group>"; };
		26A3B8382A40410A007F1244 /* TaskDetailsDetailsView.swift */ = {isa = PBXFileReference; lastKnownFileType = sourcecode.swift; path = TaskDetailsDetailsView.swift; sourceTree = "<group>"; };
		26A3B83A2A40418D007F1244 /* TaskDetailsImportanceView.swift */ = {isa = PBXFileReference; lastKnownFileType = sourcecode.swift; path = TaskDetailsImportanceView.swift; sourceTree = "<group>"; };
		26A3B83C2A405523007F1244 /* TaskDetailsDeadlineView.swift */ = {isa = PBXFileReference; lastKnownFileType = sourcecode.swift; path = TaskDetailsDeadlineView.swift; sourceTree = "<group>"; };
		26A3B83E2A40623C007F1244 /* TaskDetailsSeparator.swift */ = {isa = PBXFileReference; lastKnownFileType = sourcecode.swift; path = TaskDetailsSeparator.swift; sourceTree = "<group>"; };
		26A3B8402A407957007F1244 /* TextDetailsDeleteButton.swift */ = {isa = PBXFileReference; lastKnownFileType = sourcecode.swift; path = TextDetailsDeleteButton.swift; sourceTree = "<group>"; };
		26A5589E2A4253930084F264 /* TaskDetailsModel.swift */ = {isa = PBXFileReference; lastKnownFileType = sourcecode.swift; path = TaskDetailsModel.swift; sourceTree = "<group>"; };
		26A558A02A4256A90084F264 /* DateFormatter+LocalizableDate.swift */ = {isa = PBXFileReference; lastKnownFileType = sourcecode.swift; path = "DateFormatter+LocalizableDate.swift"; sourceTree = "<group>"; };
		26A558A22A425EBF0084F264 /* Date+DateAfter.swift */ = {isa = PBXFileReference; lastKnownFileType = sourcecode.swift; path = "Date+DateAfter.swift"; sourceTree = "<group>"; };
		26A558A42A4301EA0084F264 /* TaskDetailsCalendarView.swift */ = {isa = PBXFileReference; lastKnownFileType = sourcecode.swift; path = TaskDetailsCalendarView.swift; sourceTree = "<group>"; };
		26A558A72A44C8600084F264 /* TaskDetailsViewDelegate.swift */ = {isa = PBXFileReference; lastKnownFileType = sourcecode.swift; path = TaskDetailsViewDelegate.swift; sourceTree = "<group>"; };
		26A558A92A450FF60084F264 /* TaskDetailsColorPickerView.swift */ = {isa = PBXFileReference; lastKnownFileType = sourcecode.swift; path = TaskDetailsColorPickerView.swift; sourceTree = "<group>"; };
		26A558AB2A46325D0084F264 /* UIColor+RGB2HEX.swift */ = {isa = PBXFileReference; lastKnownFileType = sourcecode.swift; path = "UIColor+RGB2HEX.swift"; sourceTree = "<group>"; };
		26A558AD2A4632820084F264 /* UInt8+HEX.swift */ = {isa = PBXFileReference; lastKnownFileType = sourcecode.swift; path = "UInt8+HEX.swift"; sourceTree = "<group>"; };
		26A558AF2A46386A0084F264 /* UIColor+HEX.swift */ = {isa = PBXFileReference; lastKnownFileType = sourcecode.swift; path = "UIColor+HEX.swift"; sourceTree = "<group>"; };
		26A558B32A4645900084F264 /* ColorPickerView.swift */ = {isa = PBXFileReference; lastKnownFileType = sourcecode.swift; path = ColorPickerView.swift; sourceTree = "<group>"; };
		26A558B52A4646CD0084F264 /* CALayer+ColorOfPoint.swift */ = {isa = PBXFileReference; lastKnownFileType = sourcecode.swift; path = "CALayer+ColorOfPoint.swift"; sourceTree = "<group>"; };
		26A558B72A464BC00084F264 /* ColorPickerSettingsView.swift */ = {isa = PBXFileReference; lastKnownFileType = sourcecode.swift; path = ColorPickerSettingsView.swift; sourceTree = "<group>"; };
		26A558B92A464FD20084F264 /* ColorPickerViewDelegate.swift */ = {isa = PBXFileReference; lastKnownFileType = sourcecode.swift; path = ColorPickerViewDelegate.swift; sourceTree = "<group>"; };
		26A558BB2A4653960084F264 /* TaskDetailsDetailsViewDelegate.swift */ = {isa = PBXFileReference; lastKnownFileType = sourcecode.swift; path = TaskDetailsDetailsViewDelegate.swift; sourceTree = "<group>"; };
		26A558BD2A4656DD0084F264 /* TaskDetailsDeadlineViewDelegate.swift */ = {isa = PBXFileReference; lastKnownFileType = sourcecode.swift; path = TaskDetailsDeadlineViewDelegate.swift; sourceTree = "<group>"; };
		26A558BF2A465B880084F264 /* TaskDetailsColorPickerDelegate.swift */ = {isa = PBXFileReference; lastKnownFileType = sourcecode.swift; path = TaskDetailsColorPickerDelegate.swift; sourceTree = "<group>"; };
		26A558C12A465EBA0084F264 /* ColorPickerSettingsViewDelegate.swift */ = {isa = PBXFileReference; lastKnownFileType = sourcecode.swift; path = ColorPickerSettingsViewDelegate.swift; sourceTree = "<group>"; };
		26A558C32A4665140084F264 /* TaskDetailsCalendarViewDelegate.swift */ = {isa = PBXFileReference; lastKnownFileType = sourcecode.swift; path = TaskDetailsCalendarViewDelegate.swift; sourceTree = "<group>"; };
		26E91E2F2A38FE26006A3E14 /* todoitem_full.json */ = {isa = PBXFileReference; lastKnownFileType = text.json; path = todoitem_full.json; sourceTree = "<group>"; };
		26E91E332A3901A1006A3E14 /* todoitem_empty.json */ = {isa = PBXFileReference; lastKnownFileType = text.json; path = todoitem_empty.json; sourceTree = "<group>"; };
		26E91E352A39B9F0006A3E14 /* TodoItem+CSVParsing.swift */ = {isa = PBXFileReference; lastKnownFileType = sourcecode.swift; path = "TodoItem+CSVParsing.swift"; sourceTree = "<group>"; };
/* End PBXFileReference section */

/* Begin PBXFrameworksBuildPhase section */
		269FA97A2A3638FA001E4294 /* Frameworks */ = {
			isa = PBXFrameworksBuildPhase;
			buildActionMask = 2147483647;
			files = (
			);
			runOnlyForDeploymentPostprocessing = 0;
		};
		269FA9902A3638FB001E4294 /* Frameworks */ = {
			isa = PBXFrameworksBuildPhase;
			buildActionMask = 2147483647;
			files = (
			);
			runOnlyForDeploymentPostprocessing = 0;
		};
		269FA99A2A3638FB001E4294 /* Frameworks */ = {
			isa = PBXFrameworksBuildPhase;
			buildActionMask = 2147483647;
			files = (
			);
			runOnlyForDeploymentPostprocessing = 0;
		};
/* End PBXFrameworksBuildPhase section */

/* Begin PBXGroup section */
		261DBF612A372C5200B10D8F /* Extensions */ = {
			isa = PBXGroup;
			children = (
				261DBF652A372EFD00B10D8F /* TodoItem+JSONParsing.swift */,
				26E91E352A39B9F0006A3E14 /* TodoItem+CSVParsing.swift */,
				26A558A02A4256A90084F264 /* DateFormatter+LocalizableDate.swift */,
				26A558A22A425EBF0084F264 /* Date+DateAfter.swift */,
				26A558AB2A46325D0084F264 /* UIColor+RGB2HEX.swift */,
				26A558AD2A4632820084F264 /* UInt8+HEX.swift */,
				26A558AF2A46386A0084F264 /* UIColor+HEX.swift */,
				26A558B52A4646CD0084F264 /* CALayer+ColorOfPoint.swift */,
			);
			path = Extensions;
			sourceTree = "<group>";
		};
		261DBF692A37564700B10D8F /* Helpers */ = {
			isa = PBXGroup;
			children = (
				261DBF6A2A37569600B10D8F /* FileCache.swift */,
			);
			path = Helpers;
			sourceTree = "<group>";
		};
		26582DFE2A3DB0F5000806B9 /* Resources */ = {
			isa = PBXGroup;
			children = (
				269FA9892A3638FB001E4294 /* Assets.xcassets */,
				267FBF042A3DA4C200C1C607 /* Localizable.strings */,
				26582DFC2A3DAFC7000806B9 /* Colors.xcassets */,
			);
			path = Resources;
			sourceTree = "<group>";
		};
		266191A72A3B427B00B94B5A /* json */ = {
			isa = PBXGroup;
			children = (
				26E91E2F2A38FE26006A3E14 /* todoitem_full.json */,
				26E91E332A3901A1006A3E14 /* todoitem_empty.json */,
				266191992A3B348000B94B5A /* todoitem_broken_id.json */,
				2661919D2A3B34D300B94B5A /* todoitem_broken_creationDate.json */,
				2661919F2A3B350000B94B5A /* todoitem_ordinary.json */,
				266191A12A3B352100B94B5A /* todoitem_without_optional_dates.json */,
				266191A52A3B356700B94B5A /* todoitem_broken_done.json */,
			);
			path = json;
			sourceTree = "<group>";
		};
		266191A82A3B429600B94B5A /* csv */ = {
			isa = PBXGroup;
			children = (
				266191A92A3B42C100B94B5A /* todoitem_full.csv */,
				266191AB2A3B474500B94B5A /* todoitem_empty.csv */,
				266191AD2A3B476000B94B5A /* todoitem_wrong_separator.csv */,
				266191AF2A3B477400B94B5A /* todoitem_broken_id.csv */,
				266191B12A3B478800B94B5A /* todoitem_broken_creationDate.csv */,
				266191B32A3B47A200B94B5A /* todoitem_ordinary.csv */,
				266191B52A3B47C100B94B5A /* todoitem_without_optional_dates.csv */,
				266191B72A3B47D700B94B5A /* todoitem_broken_done.csv */,
			);
			path = csv;
			sourceTree = "<group>";
		};
		26661D192A3DADF600293DB5 /* Generated */ = {
			isa = PBXGroup;
			children = (
				26582DFF2A3DB478000806B9 /* Strings+Generated.swift */,
				26582DFA2A3DAF50000806B9 /* XCAssets+Generated.swift */,
			);
			path = Generated;
			sourceTree = "<group>";
		};
		269FA9742A3638FA001E4294 = {
			isa = PBXGroup;
			children = (
				269FA97F2A3638FA001E4294 /* ToDoList */,
				269FA9962A3638FB001E4294 /* ToDoListTests */,
				269FA9A02A3638FB001E4294 /* ToDoListUITests */,
				269FA97E2A3638FA001E4294 /* Products */,
			);
			sourceTree = "<group>";
		};
		269FA97E2A3638FA001E4294 /* Products */ = {
			isa = PBXGroup;
			children = (
				269FA97D2A3638FA001E4294 /* ToDoList.app */,
				269FA9932A3638FB001E4294 /* ToDoListTests.xctest */,
				269FA99D2A3638FB001E4294 /* ToDoListUITests.xctest */,
			);
			name = Products;
			sourceTree = "<group>";
		};
		269FA97F2A3638FA001E4294 /* ToDoList */ = {
			isa = PBXGroup;
			children = (
				26661D192A3DADF600293DB5 /* Generated */,
				26E91E2E2A38FDFF006A3E14 /* Mocks */,
				261DBF692A37564700B10D8F /* Helpers */,
				261DBF612A372C5200B10D8F /* Extensions */,
				26A3B8292A3F655E007F1244 /* Modules */,
				269FA9802A3638FA001E4294 /* AppDelegate.swift */,
				269FA9822A3638FA001E4294 /* SceneDelegate.swift */,
				269FA9842A3638FA001E4294 /* ViewController.swift */,
				269FA98E2A3638FB001E4294 /* Info.plist */,
				26582DFE2A3DB0F5000806B9 /* Resources */,
				269FA98B2A3638FB001E4294 /* LaunchScreen.storyboard */,
			);
			path = ToDoList;
			sourceTree = "<group>";
		};
		269FA9962A3638FB001E4294 /* ToDoListTests */ = {
			isa = PBXGroup;
			children = (
				261DBF672A3731C700B10D8F /* TodoItemTests.swift */,
			);
			path = ToDoListTests;
			sourceTree = "<group>";
		};
		269FA9A02A3638FB001E4294 /* ToDoListUITests */ = {
			isa = PBXGroup;
			children = (
				269FA9A12A3638FB001E4294 /* ToDoListUITests.swift */,
				269FA9A32A3638FB001E4294 /* ToDoListUITestsLaunchTests.swift */,
			);
			path = ToDoListUITests;
			sourceTree = "<group>";
		};
		26A3B8292A3F655E007F1244 /* Modules */ = {
			isa = PBXGroup;
			children = (
				26A3B82A2A3F6596007F1244 /* TaskDetails */,
			);
			path = Modules;
			sourceTree = "<group>";
		};
		26A3B82A2A3F6596007F1244 /* TaskDetails */ = {
			isa = PBXGroup;
			children = (
				26A558A62A44C8440084F264 /* Protocols */,
				26A3B8302A3F8B42007F1244 /* Model */,
				26A3B8312A3F94C3007F1244 /* Views */,
				26A3B82F2A3F8B3A007F1244 /* ViewControllers */,
			);
			path = TaskDetails;
			sourceTree = "<group>";
		};
		26A3B82F2A3F8B3A007F1244 /* ViewControllers */ = {
			isa = PBXGroup;
			children = (
				26A3B82B2A3F8048007F1244 /* TaskDetailsViewController.swift */,
			);
			path = ViewControllers;
			sourceTree = "<group>";
		};
		26A3B8302A3F8B42007F1244 /* Model */ = {
			isa = PBXGroup;
			children = (
				261DBF632A372C8F00B10D8F /* TodoItem.swift */,
				26A5589E2A4253930084F264 /* TaskDetailsModel.swift */,
			);
			path = Model;
			sourceTree = "<group>";
		};
		26A3B8312A3F94C3007F1244 /* Views */ = {
			isa = PBXGroup;
			children = (
				26A558B22A46447D0084F264 /* Details */,
				26A558B12A4644610084F264 /* ColorPicker */,
				26A3B8362A3FB58C007F1244 /* TaskDetailsView.swift */,
				26A3B8342A3F9A2B007F1244 /* TaskDetailsTextView.swift */,
				26A3B8402A407957007F1244 /* TextDetailsDeleteButton.swift */,
			);
			path = Views;
			sourceTree = "<group>";
		};
		26A558A62A44C8440084F264 /* Protocols */ = {
			isa = PBXGroup;
			children = (
				26A558A72A44C8600084F264 /* TaskDetailsViewDelegate.swift */,
				26A558B92A464FD20084F264 /* ColorPickerViewDelegate.swift */,
				26A558BB2A4653960084F264 /* TaskDetailsDetailsViewDelegate.swift */,
				26A558BD2A4656DD0084F264 /* TaskDetailsDeadlineViewDelegate.swift */,
				26A558BF2A465B880084F264 /* TaskDetailsColorPickerDelegate.swift */,
				26A558C12A465EBA0084F264 /* ColorPickerSettingsViewDelegate.swift */,
				26A558C32A4665140084F264 /* TaskDetailsCalendarViewDelegate.swift */,
			);
			path = Protocols;
			sourceTree = "<group>";
		};
		26A558B12A4644610084F264 /* ColorPicker */ = {
			isa = PBXGroup;
			children = (
				26A558A92A450FF60084F264 /* TaskDetailsColorPickerView.swift */,
				26A558B32A4645900084F264 /* ColorPickerView.swift */,
				26A558B72A464BC00084F264 /* ColorPickerSettingsView.swift */,
			);
			path = ColorPicker;
			sourceTree = "<group>";
		};
		26A558B22A46447D0084F264 /* Details */ = {
			isa = PBXGroup;
			children = (
				26A3B8382A40410A007F1244 /* TaskDetailsDetailsView.swift */,
				26A3B83A2A40418D007F1244 /* TaskDetailsImportanceView.swift */,
				26A3B83C2A405523007F1244 /* TaskDetailsDeadlineView.swift */,
				26A3B83E2A40623C007F1244 /* TaskDetailsSeparator.swift */,
				26A558A42A4301EA0084F264 /* TaskDetailsCalendarView.swift */,
			);
			path = Details;
			sourceTree = "<group>";
		};
		26E91E2E2A38FDFF006A3E14 /* Mocks */ = {
			isa = PBXGroup;
			children = (
				266191A82A3B429600B94B5A /* csv */,
				266191A72A3B427B00B94B5A /* json */,
			);
			path = Mocks;
			sourceTree = "<group>";
		};
/* End PBXGroup section */

/* Begin PBXNativeTarget section */
		269FA97C2A3638FA001E4294 /* ToDoList */ = {
			isa = PBXNativeTarget;
			buildConfigurationList = 269FA9A72A3638FB001E4294 /* Build configuration list for PBXNativeTarget "ToDoList" */;
			buildPhases = (
				269FA9792A3638FA001E4294 /* Sources */,
				269FA97A2A3638FA001E4294 /* Frameworks */,
				269FA97B2A3638FA001E4294 /* Resources */,
			);
			buildRules = (
			);
			dependencies = (
			);
			name = ToDoList;
			productName = ToDoList;
			productReference = 269FA97D2A3638FA001E4294 /* ToDoList.app */;
			productType = "com.apple.product-type.application";
		};
		269FA9922A3638FB001E4294 /* ToDoListTests */ = {
			isa = PBXNativeTarget;
			buildConfigurationList = 269FA9AA2A3638FB001E4294 /* Build configuration list for PBXNativeTarget "ToDoListTests" */;
			buildPhases = (
				269FA98F2A3638FB001E4294 /* Sources */,
				269FA9902A3638FB001E4294 /* Frameworks */,
				269FA9912A3638FB001E4294 /* Resources */,
			);
			buildRules = (
			);
			dependencies = (
				269FA9952A3638FB001E4294 /* PBXTargetDependency */,
			);
			name = ToDoListTests;
			productName = ToDoListTests;
			productReference = 269FA9932A3638FB001E4294 /* ToDoListTests.xctest */;
			productType = "com.apple.product-type.bundle.unit-test";
		};
		269FA99C2A3638FB001E4294 /* ToDoListUITests */ = {
			isa = PBXNativeTarget;
			buildConfigurationList = 269FA9AD2A3638FB001E4294 /* Build configuration list for PBXNativeTarget "ToDoListUITests" */;
			buildPhases = (
				269FA9992A3638FB001E4294 /* Sources */,
				269FA99A2A3638FB001E4294 /* Frameworks */,
				269FA99B2A3638FB001E4294 /* Resources */,
			);
			buildRules = (
			);
			dependencies = (
				269FA99F2A3638FB001E4294 /* PBXTargetDependency */,
			);
			name = ToDoListUITests;
			productName = ToDoListUITests;
			productReference = 269FA99D2A3638FB001E4294 /* ToDoListUITests.xctest */;
			productType = "com.apple.product-type.bundle.ui-testing";
		};
/* End PBXNativeTarget section */

/* Begin PBXProject section */
		269FA9752A3638FA001E4294 /* Project object */ = {
			isa = PBXProject;
			attributes = {
				BuildIndependentTargetsInParallel = 1;
				LastSwiftUpdateCheck = 1430;
				LastUpgradeCheck = 1430;
				TargetAttributes = {
					269FA97C2A3638FA001E4294 = {
						CreatedOnToolsVersion = 14.3;
					};
					269FA9922A3638FB001E4294 = {
						CreatedOnToolsVersion = 14.3;
						TestTargetID = 269FA97C2A3638FA001E4294;
					};
					269FA99C2A3638FB001E4294 = {
						CreatedOnToolsVersion = 14.3;
						TestTargetID = 269FA97C2A3638FA001E4294;
					};
				};
			};
			buildConfigurationList = 269FA9782A3638FA001E4294 /* Build configuration list for PBXProject "ToDoList" */;
			compatibilityVersion = "Xcode 14.0";
			developmentRegion = en;
			hasScannedForEncodings = 0;
			knownRegions = (
				en,
				Base,
			);
			mainGroup = 269FA9742A3638FA001E4294;
			productRefGroup = 269FA97E2A3638FA001E4294 /* Products */;
			projectDirPath = "";
			projectRoot = "";
			targets = (
				269FA97C2A3638FA001E4294 /* ToDoList */,
				269FA9922A3638FB001E4294 /* ToDoListTests */,
				269FA99C2A3638FB001E4294 /* ToDoListUITests */,
			);
		};
/* End PBXProject section */

/* Begin PBXResourcesBuildPhase section */
		269FA97B2A3638FA001E4294 /* Resources */ = {
			isa = PBXResourcesBuildPhase;
			buildActionMask = 2147483647;
			files = (
				2661919A2A3B348000B94B5A /* todoitem_broken_id.json in Resources */,
				266191B02A3B477400B94B5A /* todoitem_broken_id.csv in Resources */,
				269FA98D2A3638FB001E4294 /* LaunchScreen.storyboard in Resources */,
				266191A02A3B350000B94B5A /* todoitem_ordinary.json in Resources */,
				266191A22A3B352100B94B5A /* todoitem_without_optional_dates.json in Resources */,
				26582DFD2A3DAFC7000806B9 /* Colors.xcassets in Resources */,
				2661919E2A3B34D300B94B5A /* todoitem_broken_creationDate.json in Resources */,
				266191B22A3B478800B94B5A /* todoitem_broken_creationDate.csv in Resources */,
				26E91E302A38FE26006A3E14 /* todoitem_full.json in Resources */,
				266191B82A3B47D700B94B5A /* todoitem_broken_done.csv in Resources */,
				266191AA2A3B42C100B94B5A /* todoitem_full.csv in Resources */,
				26E91E342A3901A1006A3E14 /* todoitem_empty.json in Resources */,
				269FA98A2A3638FB001E4294 /* Assets.xcassets in Resources */,
				266191B42A3B47A200B94B5A /* todoitem_ordinary.csv in Resources */,
				266191B62A3B47C100B94B5A /* todoitem_without_optional_dates.csv in Resources */,
				266191A62A3B356700B94B5A /* todoitem_broken_done.json in Resources */,
				267D68222A3DAC63002423C1 /* Localizable.strings in Resources */,
				266191AC2A3B474500B94B5A /* todoitem_empty.csv in Resources */,
				266191AE2A3B476000B94B5A /* todoitem_wrong_separator.csv in Resources */,
			);
			runOnlyForDeploymentPostprocessing = 0;
		};
		269FA9912A3638FB001E4294 /* Resources */ = {
			isa = PBXResourcesBuildPhase;
			buildActionMask = 2147483647;
			files = (
			);
			runOnlyForDeploymentPostprocessing = 0;
		};
		269FA99B2A3638FB001E4294 /* Resources */ = {
			isa = PBXResourcesBuildPhase;
			buildActionMask = 2147483647;
			files = (
			);
			runOnlyForDeploymentPostprocessing = 0;
		};
/* End PBXResourcesBuildPhase section */

/* Begin PBXSourcesBuildPhase section */
		269FA9792A3638FA001E4294 /* Sources */ = {
			isa = PBXSourcesBuildPhase;
			buildActionMask = 2147483647;
			files = (
				26A558B82A464BC00084F264 /* ColorPickerSettingsView.swift in Sources */,
				26A558A82A44C8600084F264 /* TaskDetailsViewDelegate.swift in Sources */,
				26A558B02A46386A0084F264 /* UIColor+HEX.swift in Sources */,
				26A558A32A425EBF0084F264 /* Date+DateAfter.swift in Sources */,
				26A558B62A4646CD0084F264 /* CALayer+ColorOfPoint.swift in Sources */,
				26A558BE2A4656DD0084F264 /* TaskDetailsDeadlineViewDelegate.swift in Sources */,
				26A3B83B2A40418D007F1244 /* TaskDetailsImportanceView.swift in Sources */,
				261DBF662A372EFD00B10D8F /* TodoItem+JSONParsing.swift in Sources */,
				269FA9852A3638FA001E4294 /* ViewController.swift in Sources */,
				26582E002A3DB478000806B9 /* Strings+Generated.swift in Sources */,
				269FA9812A3638FA001E4294 /* AppDelegate.swift in Sources */,
				26A3B8352A3F9A2B007F1244 /* TaskDetailsTextView.swift in Sources */,
				26582DFB2A3DAF50000806B9 /* XCAssets+Generated.swift in Sources */,
				26E91E362A39B9F0006A3E14 /* TodoItem+CSVParsing.swift in Sources */,
				26A558AC2A46325D0084F264 /* UIColor+RGB2HEX.swift in Sources */,
				261DBF642A372C8F00B10D8F /* TodoItem.swift in Sources */,
				26A558AE2A4632820084F264 /* UInt8+HEX.swift in Sources */,
				26A558B42A4645900084F264 /* ColorPickerView.swift in Sources */,
				26A558BC2A4653960084F264 /* TaskDetailsDetailsViewDelegate.swift in Sources */,
				26A558BA2A464FD20084F264 /* ColorPickerViewDelegate.swift in Sources */,
				26A558C42A4665140084F264 /* TaskDetailsCalendarViewDelegate.swift in Sources */,
				26A5589F2A4253930084F264 /* TaskDetailsModel.swift in Sources */,
				26A558C02A465B880084F264 /* TaskDetailsColorPickerDelegate.swift in Sources */,
				26A3B83D2A405523007F1244 /* TaskDetailsDeadlineView.swift in Sources */,
				26A3B8372A3FB58C007F1244 /* TaskDetailsView.swift in Sources */,
				261DBF6B2A37569600B10D8F /* FileCache.swift in Sources */,
				269FA9832A3638FA001E4294 /* SceneDelegate.swift in Sources */,
				26A558AA2A450FF60084F264 /* TaskDetailsColorPickerView.swift in Sources */,
				26A3B82C2A3F8048007F1244 /* TaskDetailsViewController.swift in Sources */,
				26A3B8392A40410A007F1244 /* TaskDetailsDetailsView.swift in Sources */,
				26A3B83F2A40623C007F1244 /* TaskDetailsSeparator.swift in Sources */,
				26A3B8412A407957007F1244 /* TextDetailsDeleteButton.swift in Sources */,
				26A558A52A4301EA0084F264 /* TaskDetailsCalendarView.swift in Sources */,
				26A558C22A465EBA0084F264 /* ColorPickerSettingsViewDelegate.swift in Sources */,
				26A558A12A4256A90084F264 /* DateFormatter+LocalizableDate.swift in Sources */,
			);
			runOnlyForDeploymentPostprocessing = 0;
		};
		269FA98F2A3638FB001E4294 /* Sources */ = {
			isa = PBXSourcesBuildPhase;
			buildActionMask = 2147483647;
			files = (
				261DBF682A3731C700B10D8F /* TodoItemTests.swift in Sources */,
			);
			runOnlyForDeploymentPostprocessing = 0;
		};
		269FA9992A3638FB001E4294 /* Sources */ = {
			isa = PBXSourcesBuildPhase;
			buildActionMask = 2147483647;
			files = (
				269FA9A42A3638FB001E4294 /* ToDoListUITestsLaunchTests.swift in Sources */,
				269FA9A22A3638FB001E4294 /* ToDoListUITests.swift in Sources */,
			);
			runOnlyForDeploymentPostprocessing = 0;
		};
/* End PBXSourcesBuildPhase section */

/* Begin PBXTargetDependency section */
		269FA9952A3638FB001E4294 /* PBXTargetDependency */ = {
			isa = PBXTargetDependency;
			target = 269FA97C2A3638FA001E4294 /* ToDoList */;
			targetProxy = 269FA9942A3638FB001E4294 /* PBXContainerItemProxy */;
		};
		269FA99F2A3638FB001E4294 /* PBXTargetDependency */ = {
			isa = PBXTargetDependency;
			target = 269FA97C2A3638FA001E4294 /* ToDoList */;
			targetProxy = 269FA99E2A3638FB001E4294 /* PBXContainerItemProxy */;
		};
/* End PBXTargetDependency section */

/* Begin PBXVariantGroup section */
		269FA98B2A3638FB001E4294 /* LaunchScreen.storyboard */ = {
			isa = PBXVariantGroup;
			children = (
				269FA98C2A3638FB001E4294 /* Base */,
			);
			name = LaunchScreen.storyboard;
			sourceTree = "<group>";
		};
/* End PBXVariantGroup section */

/* Begin XCBuildConfiguration section */
		269FA9A52A3638FB001E4294 /* Debug */ = {
			isa = XCBuildConfiguration;
			buildSettings = {
				ALWAYS_SEARCH_USER_PATHS = NO;
				CLANG_ANALYZER_NONNULL = YES;
				CLANG_ANALYZER_NUMBER_OBJECT_CONVERSION = YES_AGGRESSIVE;
				CLANG_CXX_LANGUAGE_STANDARD = "gnu++20";
				CLANG_ENABLE_MODULES = YES;
				CLANG_ENABLE_OBJC_ARC = YES;
				CLANG_ENABLE_OBJC_WEAK = YES;
				CLANG_WARN_BLOCK_CAPTURE_AUTORELEASING = YES;
				CLANG_WARN_BOOL_CONVERSION = YES;
				CLANG_WARN_COMMA = YES;
				CLANG_WARN_CONSTANT_CONVERSION = YES;
				CLANG_WARN_DEPRECATED_OBJC_IMPLEMENTATIONS = YES;
				CLANG_WARN_DIRECT_OBJC_ISA_USAGE = YES_ERROR;
				CLANG_WARN_DOCUMENTATION_COMMENTS = YES;
				CLANG_WARN_EMPTY_BODY = YES;
				CLANG_WARN_ENUM_CONVERSION = YES;
				CLANG_WARN_INFINITE_RECURSION = YES;
				CLANG_WARN_INT_CONVERSION = YES;
				CLANG_WARN_NON_LITERAL_NULL_CONVERSION = YES;
				CLANG_WARN_OBJC_IMPLICIT_RETAIN_SELF = YES;
				CLANG_WARN_OBJC_LITERAL_CONVERSION = YES;
				CLANG_WARN_OBJC_ROOT_CLASS = YES_ERROR;
				CLANG_WARN_QUOTED_INCLUDE_IN_FRAMEWORK_HEADER = YES;
				CLANG_WARN_RANGE_LOOP_ANALYSIS = YES;
				CLANG_WARN_STRICT_PROTOTYPES = YES;
				CLANG_WARN_SUSPICIOUS_MOVE = YES;
				CLANG_WARN_UNGUARDED_AVAILABILITY = YES_AGGRESSIVE;
				CLANG_WARN_UNREACHABLE_CODE = YES;
				CLANG_WARN__DUPLICATE_METHOD_MATCH = YES;
				COPY_PHASE_STRIP = NO;
				DEBUG_INFORMATION_FORMAT = dwarf;
				ENABLE_STRICT_OBJC_MSGSEND = YES;
				ENABLE_TESTABILITY = YES;
				GCC_C_LANGUAGE_STANDARD = gnu11;
				GCC_DYNAMIC_NO_PIC = NO;
				GCC_NO_COMMON_BLOCKS = YES;
				GCC_OPTIMIZATION_LEVEL = 0;
				GCC_PREPROCESSOR_DEFINITIONS = (
					"DEBUG=1",
					"$(inherited)",
				);
				GCC_WARN_64_TO_32_BIT_CONVERSION = YES;
				GCC_WARN_ABOUT_RETURN_TYPE = YES_ERROR;
				GCC_WARN_UNDECLARED_SELECTOR = YES;
				GCC_WARN_UNINITIALIZED_AUTOS = YES_AGGRESSIVE;
				GCC_WARN_UNUSED_FUNCTION = YES;
				GCC_WARN_UNUSED_VARIABLE = YES;
				IPHONEOS_DEPLOYMENT_TARGET = 16.4;
				MTL_ENABLE_DEBUG_INFO = INCLUDE_SOURCE;
				MTL_FAST_MATH = YES;
				ONLY_ACTIVE_ARCH = YES;
				SDKROOT = iphoneos;
				SWIFT_ACTIVE_COMPILATION_CONDITIONS = DEBUG;
				SWIFT_OPTIMIZATION_LEVEL = "-Onone";
			};
			name = Debug;
		};
		269FA9A62A3638FB001E4294 /* Release */ = {
			isa = XCBuildConfiguration;
			buildSettings = {
				ALWAYS_SEARCH_USER_PATHS = NO;
				CLANG_ANALYZER_NONNULL = YES;
				CLANG_ANALYZER_NUMBER_OBJECT_CONVERSION = YES_AGGRESSIVE;
				CLANG_CXX_LANGUAGE_STANDARD = "gnu++20";
				CLANG_ENABLE_MODULES = YES;
				CLANG_ENABLE_OBJC_ARC = YES;
				CLANG_ENABLE_OBJC_WEAK = YES;
				CLANG_WARN_BLOCK_CAPTURE_AUTORELEASING = YES;
				CLANG_WARN_BOOL_CONVERSION = YES;
				CLANG_WARN_COMMA = YES;
				CLANG_WARN_CONSTANT_CONVERSION = YES;
				CLANG_WARN_DEPRECATED_OBJC_IMPLEMENTATIONS = YES;
				CLANG_WARN_DIRECT_OBJC_ISA_USAGE = YES_ERROR;
				CLANG_WARN_DOCUMENTATION_COMMENTS = YES;
				CLANG_WARN_EMPTY_BODY = YES;
				CLANG_WARN_ENUM_CONVERSION = YES;
				CLANG_WARN_INFINITE_RECURSION = YES;
				CLANG_WARN_INT_CONVERSION = YES;
				CLANG_WARN_NON_LITERAL_NULL_CONVERSION = YES;
				CLANG_WARN_OBJC_IMPLICIT_RETAIN_SELF = YES;
				CLANG_WARN_OBJC_LITERAL_CONVERSION = YES;
				CLANG_WARN_OBJC_ROOT_CLASS = YES_ERROR;
				CLANG_WARN_QUOTED_INCLUDE_IN_FRAMEWORK_HEADER = YES;
				CLANG_WARN_RANGE_LOOP_ANALYSIS = YES;
				CLANG_WARN_STRICT_PROTOTYPES = YES;
				CLANG_WARN_SUSPICIOUS_MOVE = YES;
				CLANG_WARN_UNGUARDED_AVAILABILITY = YES_AGGRESSIVE;
				CLANG_WARN_UNREACHABLE_CODE = YES;
				CLANG_WARN__DUPLICATE_METHOD_MATCH = YES;
				COPY_PHASE_STRIP = NO;
				DEBUG_INFORMATION_FORMAT = "dwarf-with-dsym";
				ENABLE_NS_ASSERTIONS = NO;
				ENABLE_STRICT_OBJC_MSGSEND = YES;
				GCC_C_LANGUAGE_STANDARD = gnu11;
				GCC_NO_COMMON_BLOCKS = YES;
				GCC_WARN_64_TO_32_BIT_CONVERSION = YES;
				GCC_WARN_ABOUT_RETURN_TYPE = YES_ERROR;
				GCC_WARN_UNDECLARED_SELECTOR = YES;
				GCC_WARN_UNINITIALIZED_AUTOS = YES_AGGRESSIVE;
				GCC_WARN_UNUSED_FUNCTION = YES;
				GCC_WARN_UNUSED_VARIABLE = YES;
				IPHONEOS_DEPLOYMENT_TARGET = 16.4;
				MTL_ENABLE_DEBUG_INFO = NO;
				MTL_FAST_MATH = YES;
				SDKROOT = iphoneos;
				SWIFT_COMPILATION_MODE = wholemodule;
				SWIFT_OPTIMIZATION_LEVEL = "-O";
				VALIDATE_PRODUCT = YES;
			};
			name = Release;
		};
		269FA9A82A3638FB001E4294 /* Debug */ = {
			isa = XCBuildConfiguration;
			buildSettings = {
				ASSETCATALOG_COMPILER_APPICON_NAME = AppIcon;
				ASSETCATALOG_COMPILER_GLOBAL_ACCENT_COLOR_NAME = AccentColor;
				CODE_SIGN_STYLE = Automatic;
				CURRENT_PROJECT_VERSION = 1;
				DEVELOPMENT_TEAM = S6N2HZXD9X;
				GENERATE_INFOPLIST_FILE = YES;
				INFOPLIST_FILE = ToDoList/Info.plist;
				INFOPLIST_KEY_UIApplicationSupportsIndirectInputEvents = YES;
				INFOPLIST_KEY_UILaunchStoryboardName = LaunchScreen;
				INFOPLIST_KEY_UIMainStoryboardFile = "";
				INFOPLIST_KEY_UISupportedInterfaceOrientations_iPad = "UIInterfaceOrientationPortrait UIInterfaceOrientationPortraitUpsideDown UIInterfaceOrientationLandscapeLeft UIInterfaceOrientationLandscapeRight";
				INFOPLIST_KEY_UISupportedInterfaceOrientations_iPhone = "UIInterfaceOrientationPortrait UIInterfaceOrientationLandscapeLeft UIInterfaceOrientationLandscapeRight";
				LD_RUNPATH_SEARCH_PATHS = (
					"$(inherited)",
					"@executable_path/Frameworks",
				);
				MARKETING_VERSION = 1.0;
				PRODUCT_BUNDLE_IDENTIFIER = nikita.zaitsev.ToDoList;
				PRODUCT_NAME = "$(TARGET_NAME)";
				SWIFT_EMIT_LOC_STRINGS = YES;
				SWIFT_VERSION = 5.0;
				TARGETED_DEVICE_FAMILY = "1,2";
			};
			name = Debug;
		};
		269FA9A92A3638FB001E4294 /* Release */ = {
			isa = XCBuildConfiguration;
			buildSettings = {
				ASSETCATALOG_COMPILER_APPICON_NAME = AppIcon;
				ASSETCATALOG_COMPILER_GLOBAL_ACCENT_COLOR_NAME = AccentColor;
				CODE_SIGN_STYLE = Automatic;
				CURRENT_PROJECT_VERSION = 1;
				DEVELOPMENT_TEAM = S6N2HZXD9X;
				GENERATE_INFOPLIST_FILE = YES;
				INFOPLIST_FILE = ToDoList/Info.plist;
				INFOPLIST_KEY_UIApplicationSupportsIndirectInputEvents = YES;
				INFOPLIST_KEY_UILaunchStoryboardName = LaunchScreen;
				INFOPLIST_KEY_UIMainStoryboardFile = "";
				INFOPLIST_KEY_UISupportedInterfaceOrientations_iPad = "UIInterfaceOrientationPortrait UIInterfaceOrientationPortraitUpsideDown UIInterfaceOrientationLandscapeLeft UIInterfaceOrientationLandscapeRight";
				INFOPLIST_KEY_UISupportedInterfaceOrientations_iPhone = "UIInterfaceOrientationPortrait UIInterfaceOrientationLandscapeLeft UIInterfaceOrientationLandscapeRight";
				LD_RUNPATH_SEARCH_PATHS = (
					"$(inherited)",
					"@executable_path/Frameworks",
				);
				MARKETING_VERSION = 1.0;
				PRODUCT_BUNDLE_IDENTIFIER = nikita.zaitsev.ToDoList;
				PRODUCT_NAME = "$(TARGET_NAME)";
				SWIFT_EMIT_LOC_STRINGS = YES;
				SWIFT_VERSION = 5.0;
				TARGETED_DEVICE_FAMILY = "1,2";
			};
			name = Release;
		};
		269FA9AB2A3638FB001E4294 /* Debug */ = {
			isa = XCBuildConfiguration;
			buildSettings = {
				ALWAYS_EMBED_SWIFT_STANDARD_LIBRARIES = YES;
				BUNDLE_LOADER = "$(TEST_HOST)";
				CODE_SIGN_STYLE = Automatic;
				CURRENT_PROJECT_VERSION = 1;
				GENERATE_INFOPLIST_FILE = YES;
				IPHONEOS_DEPLOYMENT_TARGET = 16.4;
				MARKETING_VERSION = 1.0;
				PRODUCT_BUNDLE_IDENTIFIER = nikita.zaitsev.ToDoListTests;
				PRODUCT_NAME = "$(TARGET_NAME)";
				SWIFT_EMIT_LOC_STRINGS = NO;
				SWIFT_VERSION = 5.0;
				TARGETED_DEVICE_FAMILY = "1,2";
				TEST_HOST = "$(BUILT_PRODUCTS_DIR)/ToDoList.app/$(BUNDLE_EXECUTABLE_FOLDER_PATH)/ToDoList";
			};
			name = Debug;
		};
		269FA9AC2A3638FB001E4294 /* Release */ = {
			isa = XCBuildConfiguration;
			buildSettings = {
				ALWAYS_EMBED_SWIFT_STANDARD_LIBRARIES = YES;
				BUNDLE_LOADER = "$(TEST_HOST)";
				CODE_SIGN_STYLE = Automatic;
				CURRENT_PROJECT_VERSION = 1;
				GENERATE_INFOPLIST_FILE = YES;
				IPHONEOS_DEPLOYMENT_TARGET = 16.4;
				MARKETING_VERSION = 1.0;
				PRODUCT_BUNDLE_IDENTIFIER = nikita.zaitsev.ToDoListTests;
				PRODUCT_NAME = "$(TARGET_NAME)";
				SWIFT_EMIT_LOC_STRINGS = NO;
				SWIFT_VERSION = 5.0;
				TARGETED_DEVICE_FAMILY = "1,2";
				TEST_HOST = "$(BUILT_PRODUCTS_DIR)/ToDoList.app/$(BUNDLE_EXECUTABLE_FOLDER_PATH)/ToDoList";
			};
			name = Release;
		};
		269FA9AE2A3638FB001E4294 /* Debug */ = {
			isa = XCBuildConfiguration;
			buildSettings = {
				ALWAYS_EMBED_SWIFT_STANDARD_LIBRARIES = YES;
				CODE_SIGN_STYLE = Automatic;
				CURRENT_PROJECT_VERSION = 1;
				GENERATE_INFOPLIST_FILE = YES;
				MARKETING_VERSION = 1.0;
				PRODUCT_BUNDLE_IDENTIFIER = nikita.zaitsev.ToDoListUITests;
				PRODUCT_NAME = "$(TARGET_NAME)";
				SWIFT_EMIT_LOC_STRINGS = NO;
				SWIFT_VERSION = 5.0;
				TARGETED_DEVICE_FAMILY = "1,2";
				TEST_TARGET_NAME = ToDoList;
			};
			name = Debug;
		};
		269FA9AF2A3638FB001E4294 /* Release */ = {
			isa = XCBuildConfiguration;
			buildSettings = {
				ALWAYS_EMBED_SWIFT_STANDARD_LIBRARIES = YES;
				CODE_SIGN_STYLE = Automatic;
				CURRENT_PROJECT_VERSION = 1;
				GENERATE_INFOPLIST_FILE = YES;
				MARKETING_VERSION = 1.0;
				PRODUCT_BUNDLE_IDENTIFIER = nikita.zaitsev.ToDoListUITests;
				PRODUCT_NAME = "$(TARGET_NAME)";
				SWIFT_EMIT_LOC_STRINGS = NO;
				SWIFT_VERSION = 5.0;
				TARGETED_DEVICE_FAMILY = "1,2";
				TEST_TARGET_NAME = ToDoList;
			};
			name = Release;
		};
/* End XCBuildConfiguration section */

/* Begin XCConfigurationList section */
		269FA9782A3638FA001E4294 /* Build configuration list for PBXProject "ToDoList" */ = {
			isa = XCConfigurationList;
			buildConfigurations = (
				269FA9A52A3638FB001E4294 /* Debug */,
				269FA9A62A3638FB001E4294 /* Release */,
			);
			defaultConfigurationIsVisible = 0;
			defaultConfigurationName = Release;
		};
		269FA9A72A3638FB001E4294 /* Build configuration list for PBXNativeTarget "ToDoList" */ = {
			isa = XCConfigurationList;
			buildConfigurations = (
				269FA9A82A3638FB001E4294 /* Debug */,
				269FA9A92A3638FB001E4294 /* Release */,
			);
			defaultConfigurationIsVisible = 0;
			defaultConfigurationName = Release;
		};
		269FA9AA2A3638FB001E4294 /* Build configuration list for PBXNativeTarget "ToDoListTests" */ = {
			isa = XCConfigurationList;
			buildConfigurations = (
				269FA9AB2A3638FB001E4294 /* Debug */,
				269FA9AC2A3638FB001E4294 /* Release */,
			);
			defaultConfigurationIsVisible = 0;
			defaultConfigurationName = Release;
		};
		269FA9AD2A3638FB001E4294 /* Build configuration list for PBXNativeTarget "ToDoListUITests" */ = {
			isa = XCConfigurationList;
			buildConfigurations = (
				269FA9AE2A3638FB001E4294 /* Debug */,
				269FA9AF2A3638FB001E4294 /* Release */,
			);
			defaultConfigurationIsVisible = 0;
			defaultConfigurationName = Release;
		};
/* End XCConfigurationList section */
	};
	rootObject = 269FA9752A3638FA001E4294 /* Project object */;
}
