// !$*UTF8*$!
{
	archiveVersion = 1;
	classes = {
	};
	objectVersion = 56;
	objects = {

/* Begin PBXBuildFile section */
		261DBF642A372C8F00B10D8F /* TodoItem.swift in Sources */ = {isa = PBXBuildFile; fileRef = 261DBF632A372C8F00B10D8F /* TodoItem.swift */; };
		261DBF662A372EFD00B10D8F /* TodoItem+JSONParsing.swift in Sources */ = {isa = PBXBuildFile; fileRef = 261DBF652A372EFD00B10D8F /* TodoItem+JSONParsing.swift */; };
		269FA9812A3638FA001E4294 /* AppDelegate.swift in Sources */ = {isa = PBXBuildFile; fileRef = 269FA9802A3638FA001E4294 /* AppDelegate.swift */; };
		269FA9832A3638FA001E4294 /* SceneDelegate.swift in Sources */ = {isa = PBXBuildFile; fileRef = 269FA9822A3638FA001E4294 /* SceneDelegate.swift */; };
		269FA9852A3638FA001E4294 /* ViewController.swift in Sources */ = {isa = PBXBuildFile; fileRef = 269FA9842A3638FA001E4294 /* ViewController.swift */; };
		269FA9882A3638FA001E4294 /* Main.storyboard in Resources */ = {isa = PBXBuildFile; fileRef = 269FA9862A3638FA001E4294 /* Main.storyboard */; };
		269FA98A2A3638FB001E4294 /* Assets.xcassets in Resources */ = {isa = PBXBuildFile; fileRef = 269FA9892A3638FB001E4294 /* Assets.xcassets */; };
		269FA98D2A3638FB001E4294 /* LaunchScreen.storyboard in Resources */ = {isa = PBXBuildFile; fileRef = 269FA98B2A3638FB001E4294 /* LaunchScreen.storyboard */; };
		269FA9982A3638FB001E4294 /* ToDoListTests.swift in Sources */ = {isa = PBXBuildFile; fileRef = 269FA9972A3638FB001E4294 /* ToDoListTests.swift */; };
		269FA9A22A3638FB001E4294 /* ToDoListUITests.swift in Sources */ = {isa = PBXBuildFile; fileRef = 269FA9A12A3638FB001E4294 /* ToDoListUITests.swift */; };
		269FA9A42A3638FB001E4294 /* ToDoListUITestsLaunchTests.swift in Sources */ = {isa = PBXBuildFile; fileRef = 269FA9A32A3638FB001E4294 /* ToDoListUITestsLaunchTests.swift */; };
/* End PBXBuildFile section */

/* Begin PBXContainerItemProxy section */
		269FA9942A3638FB001E4294 /* PBXContainerItemProxy */ = {
			isa = PBXContainerItemProxy;
			containerPortal = 269FA9752A3638FA001E4294 /* Project object */;
			proxyType = 1;
			remoteGlobalIDString = 269FA97C2A3638FA001E4294;
			remoteInfo = ToDoList;
		};
		269FA99E2A3638FB001E4294 /* PBXContainerItemProxy */ = {
			isa = PBXContainerItemProxy;
			containerPortal = 269FA9752A3638FA001E4294 /* Project object */;
			proxyType = 1;
			remoteGlobalIDString = 269FA97C2A3638FA001E4294;
			remoteInfo = ToDoList;
		};
/* End PBXContainerItemProxy section */

/* Begin PBXFileReference section */
		261DBF632A372C8F00B10D8F /* TodoItem.swift */ = {isa = PBXFileReference; lastKnownFileType = sourcecode.swift; path = TodoItem.swift; sourceTree = "<group>"; };
		261DBF652A372EFD00B10D8F /* TodoItem+JSONParsing.swift */ = {isa = PBXFileReference; lastKnownFileType = sourcecode.swift; path = "TodoItem+JSONParsing.swift"; sourceTree = "<group>"; };
		269FA97D2A3638FA001E4294 /* ToDoList.app */ = {isa = PBXFileReference; explicitFileType = wrapper.application; includeInIndex = 0; path = ToDoList.app; sourceTree = BUILT_PRODUCTS_DIR; };
		269FA9802A3638FA001E4294 /* AppDelegate.swift */ = {isa = PBXFileReference; lastKnownFileType = sourcecode.swift; path = AppDelegate.swift; sourceTree = "<group>"; };
		269FA9822A3638FA001E4294 /* SceneDelegate.swift */ = {isa = PBXFileReference; lastKnownFileType = sourcecode.swift; path = SceneDelegate.swift; sourceTree = "<group>"; };
		269FA9842A3638FA001E4294 /* ViewController.swift */ = {isa = PBXFileReference; lastKnownFileType = sourcecode.swift; path = ViewController.swift; sourceTree = "<group>"; };
		269FA9872A3638FA001E4294 /* Base */ = {isa = PBXFileReference; lastKnownFileType = file.storyboard; name = Base; path = Base.lproj/Main.storyboard; sourceTree = "<group>"; };
		269FA9892A3638FB001E4294 /* Assets.xcassets */ = {isa = PBXFileReference; lastKnownFileType = folder.assetcatalog; path = Assets.xcassets; sourceTree = "<group>"; };
		269FA98C2A3638FB001E4294 /* Base */ = {isa = PBXFileReference; lastKnownFileType = file.storyboard; name = Base; path = Base.lproj/LaunchScreen.storyboard; sourceTree = "<group>"; };
		269FA98E2A3638FB001E4294 /* Info.plist */ = {isa = PBXFileReference; lastKnownFileType = text.plist.xml; path = Info.plist; sourceTree = "<group>"; };
		269FA9932A3638FB001E4294 /* ToDoListTests.xctest */ = {isa = PBXFileReference; explicitFileType = wrapper.cfbundle; includeInIndex = 0; path = ToDoListTests.xctest; sourceTree = BUILT_PRODUCTS_DIR; };
		269FA9972A3638FB001E4294 /* ToDoListTests.swift */ = {isa = PBXFileReference; lastKnownFileType = sourcecode.swift; path = ToDoListTests.swift; sourceTree = "<group>"; };
		269FA99D2A3638FB001E4294 /* ToDoListUITests.xctest */ = {isa = PBXFileReference; explicitFileType = wrapper.cfbundle; includeInIndex = 0; path = ToDoListUITests.xctest; sourceTree = BUILT_PRODUCTS_DIR; };
		269FA9A12A3638FB001E4294 /* ToDoListUITests.swift */ = {isa = PBXFileReference; lastKnownFileType = sourcecode.swift; path = ToDoListUITests.swift; sourceTree = "<group>"; };
		269FA9A32A3638FB001E4294 /* ToDoListUITestsLaunchTests.swift */ = {isa = PBXFileReference; lastKnownFileType = sourcecode.swift; path = ToDoListUITestsLaunchTests.swift; sourceTree = "<group>"; };
/* End PBXFileReference section */

/* Begin PBXFrameworksBuildPhase section */
		269FA97A2A3638FA001E4294 /* Frameworks */ = {
			isa = PBXFrameworksBuildPhase;
			buildActionMask = 2147483647;
			files = (
			);
			runOnlyForDeploymentPostprocessing = 0;
		};
		269FA9902A3638FB001E4294 /* Frameworks */ = {
			isa = PBXFrameworksBuildPhase;
			buildActionMask = 2147483647;
			files = (
			);
			runOnlyForDeploymentPostprocessing = 0;
		};
		269FA99A2A3638FB001E4294 /* Frameworks */ = {
			isa = PBXFrameworksBuildPhase;
			buildActionMask = 2147483647;
			files = (
			);
			runOnlyForDeploymentPostprocessing = 0;
		};
/* End PBXFrameworksBuildPhase section */

/* Begin PBXGroup section */
		261DBF612A372C5200B10D8F /* Extensions */ = {
			isa = PBXGroup;
			children = (
				261DBF652A372EFD00B10D8F /* TodoItem+JSONParsing.swift */,
			);
			path = Extensions;
			sourceTree = "<group>";
		};
		261DBF622A372C8000B10D8F /* Models */ = {
			isa = PBXGroup;
			children = (
				261DBF632A372C8F00B10D8F /* TodoItem.swift */,
			);
			path = Models;
			sourceTree = "<group>";
		};
		269FA9742A3638FA001E4294 = {
			isa = PBXGroup;
			children = (
				269FA97F2A3638FA001E4294 /* ToDoList */,
				269FA9962A3638FB001E4294 /* ToDoListTests */,
				269FA9A02A3638FB001E4294 /* ToDoListUITests */,
				269FA97E2A3638FA001E4294 /* Products */,
			);
			sourceTree = "<group>";
		};
		269FA97E2A3638FA001E4294 /* Products */ = {
			isa = PBXGroup;
			children = (
				269FA97D2A3638FA001E4294 /* ToDoList.app */,
				269FA9932A3638FB001E4294 /* ToDoListTests.xctest */,
				269FA99D2A3638FB001E4294 /* ToDoListUITests.xctest */,
			);
			name = Products;
			sourceTree = "<group>";
		};
		269FA97F2A3638FA001E4294 /* ToDoList */ = {
			isa = PBXGroup;
			children = (
				261DBF622A372C8000B10D8F /* Models */,
				261DBF612A372C5200B10D8F /* Extensions */,
				269FA9802A3638FA001E4294 /* AppDelegate.swift */,
				269FA9822A3638FA001E4294 /* SceneDelegate.swift */,
				269FA9842A3638FA001E4294 /* ViewController.swift */,
				269FA9862A3638FA001E4294 /* Main.storyboard */,
				269FA9892A3638FB001E4294 /* Assets.xcassets */,
				269FA98B2A3638FB001E4294 /* LaunchScreen.storyboard */,
				269FA98E2A3638FB001E4294 /* Info.plist */,
			);
			path = ToDoList;
			sourceTree = "<group>";
		};
		269FA9962A3638FB001E4294 /* ToDoListTests */ = {
			isa = PBXGroup;
			children = (
				269FA9972A3638FB001E4294 /* ToDoListTests.swift */,
			);
			path = ToDoListTests;
			sourceTree = "<group>";
		};
		269FA9A02A3638FB001E4294 /* ToDoListUITests */ = {
			isa = PBXGroup;
			children = (
				269FA9A12A3638FB001E4294 /* ToDoListUITests.swift */,
				269FA9A32A3638FB001E4294 /* ToDoListUITestsLaunchTests.swift */,
			);
			path = ToDoListUITests;
			sourceTree = "<group>";
		};
/* End PBXGroup section */

/* Begin PBXNativeTarget section */
		269FA97C2A3638FA001E4294 /* ToDoList */ = {
			isa = PBXNativeTarget;
			buildConfigurationList = 269FA9A72A3638FB001E4294 /* Build configuration list for PBXNativeTarget "ToDoList" */;
			buildPhases = (
				269FA9792A3638FA001E4294 /* Sources */,
				269FA97A2A3638FA001E4294 /* Frameworks */,
				269FA97B2A3638FA001E4294 /* Resources */,
			);
			buildRules = (
			);
			dependencies = (
			);
			name = ToDoList;
			productName = ToDoList;
			productReference = 269FA97D2A3638FA001E4294 /* ToDoList.app */;
			productType = "com.apple.product-type.application";
		};
		269FA9922A3638FB001E4294 /* ToDoListTests */ = {
			isa = PBXNativeTarget;
			buildConfigurationList = 269FA9AA2A3638FB001E4294 /* Build configuration list for PBXNativeTarget "ToDoListTests" */;
			buildPhases = (
				269FA98F2A3638FB001E4294 /* Sources */,
				269FA9902A3638FB001E4294 /* Frameworks */,
				269FA9912A3638FB001E4294 /* Resources */,
			);
			buildRules = (
			);
			dependencies = (
				269FA9952A3638FB001E4294 /* PBXTargetDependency */,
			);
			name = ToDoListTests;
			productName = ToDoListTests;
			productReference = 269FA9932A3638FB001E4294 /* ToDoListTests.xctest */;
			productType = "com.apple.product-type.bundle.unit-test";
		};
		269FA99C2A3638FB001E4294 /* ToDoListUITests */ = {
			isa = PBXNativeTarget;
			buildConfigurationList = 269FA9AD2A3638FB001E4294 /* Build configuration list for PBXNativeTarget "ToDoListUITests" */;
			buildPhases = (
				269FA9992A3638FB001E4294 /* Sources */,
				269FA99A2A3638FB001E4294 /* Frameworks */,
				269FA99B2A3638FB001E4294 /* Resources */,
			);
			buildRules = (
			);
			dependencies = (
				269FA99F2A3638FB001E4294 /* PBXTargetDependency */,
			);
			name = ToDoListUITests;
			productName = ToDoListUITests;
			productReference = 269FA99D2A3638FB001E4294 /* ToDoListUITests.xctest */;
			productType = "com.apple.product-type.bundle.ui-testing";
		};
/* End PBXNativeTarget section */

/* Begin PBXProject section */
		269FA9752A3638FA001E4294 /* Project object */ = {
			isa = PBXProject;
			attributes = {
				BuildIndependentTargetsInParallel = 1;
				LastSwiftUpdateCheck = 1430;
				LastUpgradeCheck = 1430;
				TargetAttributes = {
					269FA97C2A3638FA001E4294 = {
						CreatedOnToolsVersion = 14.3;
					};
					269FA9922A3638FB001E4294 = {
						CreatedOnToolsVersion = 14.3;
						TestTargetID = 269FA97C2A3638FA001E4294;
					};
					269FA99C2A3638FB001E4294 = {
						CreatedOnToolsVersion = 14.3;
						TestTargetID = 269FA97C2A3638FA001E4294;
					};
				};
			};
			buildConfigurationList = 269FA9782A3638FA001E4294 /* Build configuration list for PBXProject "ToDoList" */;
			compatibilityVersion = "Xcode 14.0";
			developmentRegion = en;
			hasScannedForEncodings = 0;
			knownRegions = (
				en,
				Base,
			);
			mainGroup = 269FA9742A3638FA001E4294;
			productRefGroup = 269FA97E2A3638FA001E4294 /* Products */;
			projectDirPath = "";
			projectRoot = "";
			targets = (
				269FA97C2A3638FA001E4294 /* ToDoList */,
				269FA9922A3638FB001E4294 /* ToDoListTests */,
				269FA99C2A3638FB001E4294 /* ToDoListUITests */,
			);
		};
/* End PBXProject section */

/* Begin PBXResourcesBuildPhase section */
		269FA97B2A3638FA001E4294 /* Resources */ = {
			isa = PBXResourcesBuildPhase;
			buildActionMask = 2147483647;
			files = (
				269FA98D2A3638FB001E4294 /* LaunchScreen.storyboard in Resources */,
				269FA98A2A3638FB001E4294 /* Assets.xcassets in Resources */,
				269FA9882A3638FA001E4294 /* Main.storyboard in Resources */,
			);
			runOnlyForDeploymentPostprocessing = 0;
		};
		269FA9912A3638FB001E4294 /* Resources */ = {
			isa = PBXResourcesBuildPhase;
			buildActionMask = 2147483647;
			files = (
			);
			runOnlyForDeploymentPostprocessing = 0;
		};
		269FA99B2A3638FB001E4294 /* Resources */ = {
			isa = PBXResourcesBuildPhase;
			buildActionMask = 2147483647;
			files = (
			);
			runOnlyForDeploymentPostprocessing = 0;
		};
/* End PBXResourcesBuildPhase section */

/* Begin PBXSourcesBuildPhase section */
		269FA9792A3638FA001E4294 /* Sources */ = {
			isa = PBXSourcesBuildPhase;
			buildActionMask = 2147483647;
			files = (
				261DBF662A372EFD00B10D8F /* TodoItem+JSONParsing.swift in Sources */,
				269FA9852A3638FA001E4294 /* ViewController.swift in Sources */,
				269FA9812A3638FA001E4294 /* AppDelegate.swift in Sources */,
				261DBF642A372C8F00B10D8F /* TodoItem.swift in Sources */,
				269FA9832A3638FA001E4294 /* SceneDelegate.swift in Sources */,
			);
			runOnlyForDeploymentPostprocessing = 0;
		};
		269FA98F2A3638FB001E4294 /* Sources */ = {
			isa = PBXSourcesBuildPhase;
			buildActionMask = 2147483647;
			files = (
				269FA9982A3638FB001E4294 /* ToDoListTests.swift in Sources */,
			);
			runOnlyForDeploymentPostprocessing = 0;
		};
		269FA9992A3638FB001E4294 /* Sources */ = {
			isa = PBXSourcesBuildPhase;
			buildActionMask = 2147483647;
			files = (
				269FA9A42A3638FB001E4294 /* ToDoListUITestsLaunchTests.swift in Sources */,
				269FA9A22A3638FB001E4294 /* ToDoListUITests.swift in Sources */,
			);
			runOnlyForDeploymentPostprocessing = 0;
		};
/* End PBXSourcesBuildPhase section */

/* Begin PBXTargetDependency section */
		269FA9952A3638FB001E4294 /* PBXTargetDependency */ = {
			isa = PBXTargetDependency;
			target = 269FA97C2A3638FA001E4294 /* ToDoList */;
			targetProxy = 269FA9942A3638FB001E4294 /* PBXContainerItemProxy */;
		};
		269FA99F2A3638FB001E4294 /* PBXTargetDependency */ = {
			isa = PBXTargetDependency;
			target = 269FA97C2A3638FA001E4294 /* ToDoList */;
			targetProxy = 269FA99E2A3638FB001E4294 /* PBXContainerItemProxy */;
		};
/* End PBXTargetDependency section */

/* Begin PBXVariantGroup section */
		269FA9862A3638FA001E4294 /* Main.storyboard */ = {
			isa = PBXVariantGroup;
			children = (
				269FA9872A3638FA001E4294 /* Base */,
			);
			name = Main.storyboard;
			sourceTree = "<group>";
		};
		269FA98B2A3638FB001E4294 /* LaunchScreen.storyboard */ = {
			isa = PBXVariantGroup;
			children = (
				269FA98C2A3638FB001E4294 /* Base */,
			);
			name = LaunchScreen.storyboard;
			sourceTree = "<group>";
		};
/* End PBXVariantGroup section */

/* Begin XCBuildConfiguration section */
		269FA9A52A3638FB001E4294 /* Debug */ = {
			isa = XCBuildConfiguration;
			buildSettings = {
				ALWAYS_SEARCH_USER_PATHS = NO;
				CLANG_ANALYZER_NONNULL = YES;
				CLANG_ANALYZER_NUMBER_OBJECT_CONVERSION = YES_AGGRESSIVE;
				CLANG_CXX_LANGUAGE_STANDARD = "gnu++20";
				CLANG_ENABLE_MODULES = YES;
				CLANG_ENABLE_OBJC_ARC = YES;
				CLANG_ENABLE_OBJC_WEAK = YES;
				CLANG_WARN_BLOCK_CAPTURE_AUTORELEASING = YES;
				CLANG_WARN_BOOL_CONVERSION = YES;
				CLANG_WARN_COMMA = YES;
				CLANG_WARN_CONSTANT_CONVERSION = YES;
				CLANG_WARN_DEPRECATED_OBJC_IMPLEMENTATIONS = YES;
				CLANG_WARN_DIRECT_OBJC_ISA_USAGE = YES_ERROR;
				CLANG_WARN_DOCUMENTATION_COMMENTS = YES;
				CLANG_WARN_EMPTY_BODY = YES;
				CLANG_WARN_ENUM_CONVERSION = YES;
				CLANG_WARN_INFINITE_RECURSION = YES;
				CLANG_WARN_INT_CONVERSION = YES;
				CLANG_WARN_NON_LITERAL_NULL_CONVERSION = YES;
				CLANG_WARN_OBJC_IMPLICIT_RETAIN_SELF = YES;
				CLANG_WARN_OBJC_LITERAL_CONVERSION = YES;
				CLANG_WARN_OBJC_ROOT_CLASS = YES_ERROR;
				CLANG_WARN_QUOTED_INCLUDE_IN_FRAMEWORK_HEADER = YES;
				CLANG_WARN_RANGE_LOOP_ANALYSIS = YES;
				CLANG_WARN_STRICT_PROTOTYPES = YES;
				CLANG_WARN_SUSPICIOUS_MOVE = YES;
				CLANG_WARN_UNGUARDED_AVAILABILITY = YES_AGGRESSIVE;
				CLANG_WARN_UNREACHABLE_CODE = YES;
				CLANG_WARN__DUPLICATE_METHOD_MATCH = YES;
				COPY_PHASE_STRIP = NO;
				DEBUG_INFORMATION_FORMAT = dwarf;
				ENABLE_STRICT_OBJC_MSGSEND = YES;
				ENABLE_TESTABILITY = YES;
				GCC_C_LANGUAGE_STANDARD = gnu11;
				GCC_DYNAMIC_NO_PIC = NO;
				GCC_NO_COMMON_BLOCKS = YES;
				GCC_OPTIMIZATION_LEVEL = 0;
				GCC_PREPROCESSOR_DEFINITIONS = (
					"DEBUG=1",
					"$(inherited)",
				);
				GCC_WARN_64_TO_32_BIT_CONVERSION = YES;
				GCC_WARN_ABOUT_RETURN_TYPE = YES_ERROR;
				GCC_WARN_UNDECLARED_SELECTOR = YES;
				GCC_WARN_UNINITIALIZED_AUTOS = YES_AGGRESSIVE;
				GCC_WARN_UNUSED_FUNCTION = YES;
				GCC_WARN_UNUSED_VARIABLE = YES;
				IPHONEOS_DEPLOYMENT_TARGET = 16.4;
				MTL_ENABLE_DEBUG_INFO = INCLUDE_SOURCE;
				MTL_FAST_MATH = YES;
				ONLY_ACTIVE_ARCH = YES;
				SDKROOT = iphoneos;
				SWIFT_ACTIVE_COMPILATION_CONDITIONS = DEBUG;
				SWIFT_OPTIMIZATION_LEVEL = "-Onone";
			};
			name = Debug;
		};
		269FA9A62A3638FB001E4294 /* Release */ = {
			isa = XCBuildConfiguration;
			buildSettings = {
				ALWAYS_SEARCH_USER_PATHS = NO;
				CLANG_ANALYZER_NONNULL = YES;
				CLANG_ANALYZER_NUMBER_OBJECT_CONVERSION = YES_AGGRESSIVE;
				CLANG_CXX_LANGUAGE_STANDARD = "gnu++20";
				CLANG_ENABLE_MODULES = YES;
				CLANG_ENABLE_OBJC_ARC = YES;
				CLANG_ENABLE_OBJC_WEAK = YES;
				CLANG_WARN_BLOCK_CAPTURE_AUTORELEASING = YES;
				CLANG_WARN_BOOL_CONVERSION = YES;
				CLANG_WARN_COMMA = YES;
				CLANG_WARN_CONSTANT_CONVERSION = YES;
				CLANG_WARN_DEPRECATED_OBJC_IMPLEMENTATIONS = YES;
				CLANG_WARN_DIRECT_OBJC_ISA_USAGE = YES_ERROR;
				CLANG_WARN_DOCUMENTATION_COMMENTS = YES;
				CLANG_WARN_EMPTY_BODY = YES;
				CLANG_WARN_ENUM_CONVERSION = YES;
				CLANG_WARN_INFINITE_RECURSION = YES;
				CLANG_WARN_INT_CONVERSION = YES;
				CLANG_WARN_NON_LITERAL_NULL_CONVERSION = YES;
				CLANG_WARN_OBJC_IMPLICIT_RETAIN_SELF = YES;
				CLANG_WARN_OBJC_LITERAL_CONVERSION = YES;
				CLANG_WARN_OBJC_ROOT_CLASS = YES_ERROR;
				CLANG_WARN_QUOTED_INCLUDE_IN_FRAMEWORK_HEADER = YES;
				CLANG_WARN_RANGE_LOOP_ANALYSIS = YES;
				CLANG_WARN_STRICT_PROTOTYPES = YES;
				CLANG_WARN_SUSPICIOUS_MOVE = YES;
				CLANG_WARN_UNGUARDED_AVAILABILITY = YES_AGGRESSIVE;
				CLANG_WARN_UNREACHABLE_CODE = YES;
				CLANG_WARN__DUPLICATE_METHOD_MATCH = YES;
				COPY_PHASE_STRIP = NO;
				DEBUG_INFORMATION_FORMAT = "dwarf-with-dsym";
				ENABLE_NS_ASSERTIONS = NO;
				ENABLE_STRICT_OBJC_MSGSEND = YES;
				GCC_C_LANGUAGE_STANDARD = gnu11;
				GCC_NO_COMMON_BLOCKS = YES;
				GCC_WARN_64_TO_32_BIT_CONVERSION = YES;
				GCC_WARN_ABOUT_RETURN_TYPE = YES_ERROR;
				GCC_WARN_UNDECLARED_SELECTOR = YES;
				GCC_WARN_UNINITIALIZED_AUTOS = YES_AGGRESSIVE;
				GCC_WARN_UNUSED_FUNCTION = YES;
				GCC_WARN_UNUSED_VARIABLE = YES;
				IPHONEOS_DEPLOYMENT_TARGET = 16.4;
				MTL_ENABLE_DEBUG_INFO = NO;
				MTL_FAST_MATH = YES;
				SDKROOT = iphoneos;
				SWIFT_COMPILATION_MODE = wholemodule;
				SWIFT_OPTIMIZATION_LEVEL = "-O";
				VALIDATE_PRODUCT = YES;
			};
			name = Release;
		};
		269FA9A82A3638FB001E4294 /* Debug */ = {
			isa = XCBuildConfiguration;
			buildSettings = {
				ASSETCATALOG_COMPILER_APPICON_NAME = AppIcon;
				ASSETCATALOG_COMPILER_GLOBAL_ACCENT_COLOR_NAME = AccentColor;
				CODE_SIGN_STYLE = Automatic;
				CURRENT_PROJECT_VERSION = 1;
				GENERATE_INFOPLIST_FILE = YES;
				INFOPLIST_FILE = ToDoList/Info.plist;
				INFOPLIST_KEY_UIApplicationSupportsIndirectInputEvents = YES;
				INFOPLIST_KEY_UILaunchStoryboardName = LaunchScreen;
				INFOPLIST_KEY_UIMainStoryboardFile = Main;
				INFOPLIST_KEY_UISupportedInterfaceOrientations_iPad = "UIInterfaceOrientationPortrait UIInterfaceOrientationPortraitUpsideDown UIInterfaceOrientationLandscapeLeft UIInterfaceOrientationLandscapeRight";
				INFOPLIST_KEY_UISupportedInterfaceOrientations_iPhone = "UIInterfaceOrientationPortrait UIInterfaceOrientationLandscapeLeft UIInterfaceOrientationLandscapeRight";
				LD_RUNPATH_SEARCH_PATHS = (
					"$(inherited)",
					"@executable_path/Frameworks",
				);
				MARKETING_VERSION = 1.0;
				PRODUCT_BUNDLE_IDENTIFIER = nikita.zaitsev.ToDoList;
				PRODUCT_NAME = "$(TARGET_NAME)";
				SWIFT_EMIT_LOC_STRINGS = YES;
				SWIFT_VERSION = 5.0;
				TARGETED_DEVICE_FAMILY = "1,2";
			};
			name = Debug;
		};
		269FA9A92A3638FB001E4294 /* Release */ = {
			isa = XCBuildConfiguration;
			buildSettings = {
				ASSETCATALOG_COMPILER_APPICON_NAME = AppIcon;
				ASSETCATALOG_COMPILER_GLOBAL_ACCENT_COLOR_NAME = AccentColor;
				CODE_SIGN_STYLE = Automatic;
				CURRENT_PROJECT_VERSION = 1;
				GENERATE_INFOPLIST_FILE = YES;
				INFOPLIST_FILE = ToDoList/Info.plist;
				INFOPLIST_KEY_UIApplicationSupportsIndirectInputEvents = YES;
				INFOPLIST_KEY_UILaunchStoryboardName = LaunchScreen;
				INFOPLIST_KEY_UIMainStoryboardFile = Main;
				INFOPLIST_KEY_UISupportedInterfaceOrientations_iPad = "UIInterfaceOrientationPortrait UIInterfaceOrientationPortraitUpsideDown UIInterfaceOrientationLandscapeLeft UIInterfaceOrientationLandscapeRight";
				INFOPLIST_KEY_UISupportedInterfaceOrientations_iPhone = "UIInterfaceOrientationPortrait UIInterfaceOrientationLandscapeLeft UIInterfaceOrientationLandscapeRight";
				LD_RUNPATH_SEARCH_PATHS = (
					"$(inherited)",
					"@executable_path/Frameworks",
				);
				MARKETING_VERSION = 1.0;
				PRODUCT_BUNDLE_IDENTIFIER = nikita.zaitsev.ToDoList;
				PRODUCT_NAME = "$(TARGET_NAME)";
				SWIFT_EMIT_LOC_STRINGS = YES;
				SWIFT_VERSION = 5.0;
				TARGETED_DEVICE_FAMILY = "1,2";
			};
			name = Release;
		};
		269FA9AB2A3638FB001E4294 /* Debug */ = {
			isa = XCBuildConfiguration;
			buildSettings = {
				ALWAYS_EMBED_SWIFT_STANDARD_LIBRARIES = YES;
				BUNDLE_LOADER = "$(TEST_HOST)";
				CODE_SIGN_STYLE = Automatic;
				CURRENT_PROJECT_VERSION = 1;
				GENERATE_INFOPLIST_FILE = YES;
				IPHONEOS_DEPLOYMENT_TARGET = 16.4;
				MARKETING_VERSION = 1.0;
				PRODUCT_BUNDLE_IDENTIFIER = nikita.zaitsev.ToDoListTests;
				PRODUCT_NAME = "$(TARGET_NAME)";
				SWIFT_EMIT_LOC_STRINGS = NO;
				SWIFT_VERSION = 5.0;
				TARGETED_DEVICE_FAMILY = "1,2";
				TEST_HOST = "$(BUILT_PRODUCTS_DIR)/ToDoList.app/$(BUNDLE_EXECUTABLE_FOLDER_PATH)/ToDoList";
			};
			name = Debug;
		};
		269FA9AC2A3638FB001E4294 /* Release */ = {
			isa = XCBuildConfiguration;
			buildSettings = {
				ALWAYS_EMBED_SWIFT_STANDARD_LIBRARIES = YES;
				BUNDLE_LOADER = "$(TEST_HOST)";
				CODE_SIGN_STYLE = Automatic;
				CURRENT_PROJECT_VERSION = 1;
				GENERATE_INFOPLIST_FILE = YES;
				IPHONEOS_DEPLOYMENT_TARGET = 16.4;
				MARKETING_VERSION = 1.0;
				PRODUCT_BUNDLE_IDENTIFIER = nikita.zaitsev.ToDoListTests;
				PRODUCT_NAME = "$(TARGET_NAME)";
				SWIFT_EMIT_LOC_STRINGS = NO;
				SWIFT_VERSION = 5.0;
				TARGETED_DEVICE_FAMILY = "1,2";
				TEST_HOST = "$(BUILT_PRODUCTS_DIR)/ToDoList.app/$(BUNDLE_EXECUTABLE_FOLDER_PATH)/ToDoList";
			};
			name = Release;
		};
		269FA9AE2A3638FB001E4294 /* Debug */ = {
			isa = XCBuildConfiguration;
			buildSettings = {
				ALWAYS_EMBED_SWIFT_STANDARD_LIBRARIES = YES;
				CODE_SIGN_STYLE = Automatic;
				CURRENT_PROJECT_VERSION = 1;
				GENERATE_INFOPLIST_FILE = YES;
				MARKETING_VERSION = 1.0;
				PRODUCT_BUNDLE_IDENTIFIER = nikita.zaitsev.ToDoListUITests;
				PRODUCT_NAME = "$(TARGET_NAME)";
				SWIFT_EMIT_LOC_STRINGS = NO;
				SWIFT_VERSION = 5.0;
				TARGETED_DEVICE_FAMILY = "1,2";
				TEST_TARGET_NAME = ToDoList;
			};
			name = Debug;
		};
		269FA9AF2A3638FB001E4294 /* Release */ = {
			isa = XCBuildConfiguration;
			buildSettings = {
				ALWAYS_EMBED_SWIFT_STANDARD_LIBRARIES = YES;
				CODE_SIGN_STYLE = Automatic;
				CURRENT_PROJECT_VERSION = 1;
				GENERATE_INFOPLIST_FILE = YES;
				MARKETING_VERSION = 1.0;
				PRODUCT_BUNDLE_IDENTIFIER = nikita.zaitsev.ToDoListUITests;
				PRODUCT_NAME = "$(TARGET_NAME)";
				SWIFT_EMIT_LOC_STRINGS = NO;
				SWIFT_VERSION = 5.0;
				TARGETED_DEVICE_FAMILY = "1,2";
				TEST_TARGET_NAME = ToDoList;
			};
			name = Release;
		};
/* End XCBuildConfiguration section */

/* Begin XCConfigurationList section */
		269FA9782A3638FA001E4294 /* Build configuration list for PBXProject "ToDoList" */ = {
			isa = XCConfigurationList;
			buildConfigurations = (
				269FA9A52A3638FB001E4294 /* Debug */,
				269FA9A62A3638FB001E4294 /* Release */,
			);
			defaultConfigurationIsVisible = 0;
			defaultConfigurationName = Release;
		};
		269FA9A72A3638FB001E4294 /* Build configuration list for PBXNativeTarget "ToDoList" */ = {
			isa = XCConfigurationList;
			buildConfigurations = (
				269FA9A82A3638FB001E4294 /* Debug */,
				269FA9A92A3638FB001E4294 /* Release */,
			);
			defaultConfigurationIsVisible = 0;
			defaultConfigurationName = Release;
		};
		269FA9AA2A3638FB001E4294 /* Build configuration list for PBXNativeTarget "ToDoListTests" */ = {
			isa = XCConfigurationList;
			buildConfigurations = (
				269FA9AB2A3638FB001E4294 /* Debug */,
				269FA9AC2A3638FB001E4294 /* Release */,
			);
			defaultConfigurationIsVisible = 0;
			defaultConfigurationName = Release;
		};
		269FA9AD2A3638FB001E4294 /* Build configuration list for PBXNativeTarget "ToDoListUITests" */ = {
			isa = XCConfigurationList;
			buildConfigurations = (
				269FA9AE2A3638FB001E4294 /* Debug */,
				269FA9AF2A3638FB001E4294 /* Release */,
			);
			defaultConfigurationIsVisible = 0;
			defaultConfigurationName = Release;
		};
/* End XCConfigurationList section */
	};
	rootObject = 269FA9752A3638FA001E4294 /* Project object */;
}
